
Microsoft Visual Studio Solution File, Format Version 12.00
# Visual Studio 15
Project("{FAE04EC0-301F-11D3-BF4B-00C04F79EFBC}") = "Assembly-CSharp", "Assembly-CSharp.csproj", "{4A7872C9-7B9F-3C39-87E2-9230483F050B}"
EndProject
Project("{FAE04EC0-301F-11D3-BF4B-00C04F79EFBC}") = "Assembly-CSharp-firstpass", "Assembly-CSharp-firstpass.csproj", "{1EF025DC-DF25-F9BA-F2BC-104A7E490C03}"
EndProject
Global
	GlobalSection(SolutionConfigurationPlatforms) = preSolution
		Debug|Any CPU = Debug|Any CPU
		Release|Any CPU = Release|Any CPU
	EndGlobalSection
	GlobalSection(ProjectConfigurationPlatforms) = postSolution
		{4A7872C9-7B9F-3C39-87E2-9230483F050B}.Debug|Any CPU.ActiveCfg = Debug|Any CPU
		{4A7872C9-7B9F-3C39-87E2-9230483F050B}.Debug|Any CPU.Build.0 = Debug|Any CPU
		{4A7872C9-7B9F-3C39-87E2-9230483F050B}.Release|Any CPU.ActiveCfg = Release|Any CPU
		{4A7872C9-7B9F-3C39-87E2-9230483F050B}.Release|Any CPU.Build.0 = Release|Any CPU
		{1EF025DC-DF25-F9BA-F2BC-104A7E490C03}.Debug|Any CPU.ActiveCfg = Debug|Any CPU
		{1EF025DC-DF25-F9BA-F2BC-104A7E490C03}.Debug|Any CPU.Build.0 = Debug|Any CPU
		{1EF025DC-DF25-F9BA-F2BC-104A7E490C03}.Release|Any CPU.ActiveCfg = Release|Any CPU
		{1EF025DC-DF25-F9BA-F2BC-104A7E490C03}.Release|Any CPU.Build.0 = Release|Any CPU
	EndGlobalSection
	GlobalSection(SolutionProperties) = preSolution
		HideSolutionNode = FALSE
	EndGlobalSection
EndGlobal
